{
  "requires": true,
  "lockfileVersion": 1,
  "dependencies": {
    "gl-vec3": {
      "version": "1.1.3",
      "resolved": "https://registry.npmjs.org/gl-vec3/-/gl-vec3-1.1.3.tgz",
      "integrity": "sha512-jduKUqT0SGH02l8Yl+mV1yVsDfYgQAJyXGxkJQGyxPLHRiW25DwVIRPt6uvhrEMHftJfqhqKthRcyZqNEl9Xdw=="
    },
    "keyframes": {
      "version": "2.3.0",
      "resolved": "https://registry.npmjs.org/keyframes/-/keyframes-2.3.0.tgz",
      "integrity": "sha1-nDxKrb9k2bdXBCze5JJAISBzmvI=",
      "requires": {
        "gl-vec3": "^1.0.2",
        "lerp-array": "^1.0.0",
        "unlerp": "^1.0.0"
      }
    },
    "lerp": {
      "version": "1.0.3",
      "resolved": "https://registry.npmjs.org/lerp/-/lerp-1.0.3.tgz",
      "integrity": "sha1-oYyJaPkXiW3hXM/MKNVaa3Med24="
    },
    "lerp-array": {
      "version": "1.1.1",
      "resolved": "https://registry.npmjs.org/lerp-array/-/lerp-array-1.1.1.tgz",
      "integrity": "sha1-SewXlKbbKFRvzUzWHiGS8u8WjGg=",
      "requires": {
        "lerp": "^1.0.0"
      }
    },
    "unlerp": {
      "version": "1.0.1",
      "resolved": "https://registry.npmjs.org/unlerp/-/unlerp-1.0.1.tgz",
      "integrity": "sha1-4oNR47C3f1Y5gCeu+LLk8UvTdvo="
    }
  }
}
